
Microsoft Visual Studio Solution File, Format Version 12.00
# Visual Studio Version 16
VisualStudioVersion = 16.0.30907.101
MinimumVisualStudioVersion = 10.0.40219.1
Project("{FAE04EC0-301F-11D3-BF4B-00C04F79EFBC}") = "ConsoleApp7-10", "ConsoleApp7-10\ConsoleApp7-10.csproj", "{081E1A54-D0A1-4CC1-892D-11385368D3BB}"
EndProject
Global
	GlobalSection(SolutionConfigurationPlatforms) = preSolution
		Debug|Any CPU = Debug|Any CPU
		Release|Any CPU = Release|Any CPU
	EndGlobalSection
	GlobalSection(ProjectConfigurationPlatforms) = postSolution
		{081E1A54-D0A1-4CC1-892D-11385368D3BB}.Debug|Any CPU.ActiveCfg = Debug|Any CPU
		{081E1A54-D0A1-4CC1-892D-11385368D3BB}.Debug|Any CPU.Build.0 = Debug|Any CPU
		{081E1A54-D0A1-4CC1-892D-11385368D3BB}.Release|Any CPU.ActiveCfg = Release|Any CPU
		{081E1A54-D0A1-4CC1-892D-11385368D3BB}.Release|Any CPU.Build.0 = Release|Any CPU
	EndGlobalSection
	GlobalSection(SolutionProperties) = preSolution
		HideSolutionNode = FALSE
	EndGlobalSection
	GlobalSection(ExtensibilityGlobals) = postSolution
		SolutionGuid = {8949448F-4EE0-4313-B597-E021B709F0A3}
	EndGlobalSection
EndGlobal
