
Microsoft Visual Studio Solution File, Format Version 12.00
# Visual Studio Version 16
VisualStudioVersion = 16.0.30907.101
MinimumVisualStudioVersion = 10.0.40219.1
Project("{FAE04EC0-301F-11D3-BF4B-00C04F79EFBC}") = "NUnitTestProject1", "NUnitTestProject1\NUnitTestProject1.csproj", "{C3B5831B-BD02-4F2F-84AE-0053DE0258E6}"
EndProject
Global
	GlobalSection(SolutionConfigurationPlatforms) = preSolution
		Debug|Any CPU = Debug|Any CPU
		Release|Any CPU = Release|Any CPU
	EndGlobalSection
	GlobalSection(ProjectConfigurationPlatforms) = postSolution
		{C3B5831B-BD02-4F2F-84AE-0053DE0258E6}.Debug|Any CPU.ActiveCfg = Debug|Any CPU
		{C3B5831B-BD02-4F2F-84AE-0053DE0258E6}.Debug|Any CPU.Build.0 = Debug|Any CPU
		{C3B5831B-BD02-4F2F-84AE-0053DE0258E6}.Release|Any CPU.ActiveCfg = Release|Any CPU
		{C3B5831B-BD02-4F2F-84AE-0053DE0258E6}.Release|Any CPU.Build.0 = Release|Any CPU
	EndGlobalSection
	GlobalSection(SolutionProperties) = preSolution
		HideSolutionNode = FALSE
	EndGlobalSection
	GlobalSection(ExtensibilityGlobals) = postSolution
		SolutionGuid = {C2F8F9BC-C09D-4BEA-9C3F-2671FE7A94E2}
	EndGlobalSection
EndGlobal
